{
  "requires": true,
  "lockfileVersion": 1,
  "dependencies": {
    "nouislider": {
      "version": "13.1.4",
      "resolved": "https://registry.npmjs.org/nouislider/-/nouislider-13.1.4.tgz",
      "integrity": "sha512-XcGdAkjDNjaciL4rBdf6/0Yfj7cVCPD9lUjFfOJnUdku4XaJUFa3Im3w8NnCuJFZ3NraRATREjpqDfbQIRRU0w=="
    }
  }
}
